
Microsoft Visual Studio Solution File, Format Version 12.00
# Visual Studio Version 16
VisualStudioVersion = 16.0.30611.23
MinimumVisualStudioVersion = 10.0.40219.1
Project("{FAE04EC0-301F-11D3-BF4B-00C04F79EFBC}") = "Casusblok1b2egroep3", "Casusblok1b2egroep3\Casusblok1b2egroep3.csproj", "{B5C7C031-D3B7-4E32-88AD-DC458EB749D6}"
EndProject
Global
	GlobalSection(SolutionConfigurationPlatforms) = preSolution
		Debug|Any CPU = Debug|Any CPU
		Release|Any CPU = Release|Any CPU
	EndGlobalSection
	GlobalSection(ProjectConfigurationPlatforms) = postSolution
		{B5C7C031-D3B7-4E32-88AD-DC458EB749D6}.Debug|Any CPU.ActiveCfg = Debug|Any CPU
		{B5C7C031-D3B7-4E32-88AD-DC458EB749D6}.Debug|Any CPU.Build.0 = Debug|Any CPU
		{B5C7C031-D3B7-4E32-88AD-DC458EB749D6}.Release|Any CPU.ActiveCfg = Release|Any CPU
		{B5C7C031-D3B7-4E32-88AD-DC458EB749D6}.Release|Any CPU.Build.0 = Release|Any CPU
	EndGlobalSection
	GlobalSection(SolutionProperties) = preSolution
		HideSolutionNode = FALSE
	EndGlobalSection
	GlobalSection(ExtensibilityGlobals) = postSolution
		SolutionGuid = {8D00AC75-E064-4CED-8867-E7E9D3BF110F}
	EndGlobalSection
EndGlobal
